{
  "name": "wssyncfusionlinqtest",
  "version": "1.0.0",
  "lockfileVersion": 2,
  "requires": true,
  "packages": {
    "": {
      "name": "wssyncfusionlinqtest",
      "version": "1.0.0",
      "license": "ISC",
      "dependencies": {
        "bpmn-moddle": "^7.0.5",
        "fs": "^0.0.1-security",
        "linq": "^3.2.3"
      }
    },
    "node_modules/bpmn-moddle": {
      "version": "7.0.5",
      "resolved": "https://registry.npmjs.org/bpmn-moddle/-/bpmn-moddle-7.0.5.tgz",
      "integrity": "sha512-3OaoEJCHQdZeRBTmBtDJebXamweW03cgA5ymOZitddMY28Vo1dOwAX/Yg2X375d2QCeC5w/j5gI8V8iVRn12fg==",
      "dependencies": {
        "min-dash": "^3.5.2",
        "moddle": "^5.0.2",
        "moddle-xml": "^9.0.5"
      }
    },
    "node_modules/fs": {
      "version": "0.0.1-security",
      "resolved": "https://registry.npmjs.org/fs/-/fs-0.0.1-security.tgz",
      "integrity": "sha1-invTcYa23d84E/I4WLV+yq9eQdQ="
    },
    "node_modules/linq": {
      "version": "3.2.3",
      "resolved": "https://registry.npmjs.org/linq/-/linq-3.2.3.tgz",
      "integrity": "sha512-OI48ncDVi29Hc4g5+hPd58AkI8YtLUFkZWWvvyC+w1+j8PsDi28tLZnbv3+8PvxSiJUEQDihkQjrIrPkFzEFqQ==",
      "engines": {
        "node": "*"
      }
    },
    "node_modules/min-dash": {
      "version": "3.7.0",
      "resolved": "https://registry.npmjs.org/min-dash/-/min-dash-3.7.0.tgz",
      "integrity": "sha512-IlEbbItQU7tipoa4aAWocSuhR76jKqQG/N2+/Mh7d+BLZ3UmQl57ppKhziPY/TXBGps9+M8BC1c7AzqcYLp5BA=="
    },
    "node_modules/moddle": {
      "version": "5.0.2",
      "resolved": "https://registry.npmjs.org/moddle/-/moddle-5.0.2.tgz",
      "integrity": "sha512-nBEyKt7sDw6MlM6e85lTCEXButw+p7hubEoRo/JyX+dBzDcGjDoktPuby9QE+ylW1ABZqNvRy8pK0h+23tIW2g==",
      "dependencies": {
        "min-dash": "^3.0.0"
      }
    },
    "node_modules/moddle-xml": {
      "version": "9.0.5",
      "resolved": "https://registry.npmjs.org/moddle-xml/-/moddle-xml-9.0.5.tgz",
      "integrity": "sha512-1t9N35ZMQZTYZmRDoh1mBVd0XwLB34BkBywNJ0+YlLLYxaDBjFR/I+fqwsY746ayYPBz6yNRg8JpLyFgNF+eHg==",
      "dependencies": {
        "min-dash": "^3.5.2",
        "moddle": "^5.0.2",
        "saxen": "^8.1.2"
      }
    },
    "node_modules/saxen": {
      "version": "8.1.2",
      "resolved": "https://registry.npmjs.org/saxen/-/saxen-8.1.2.tgz",
      "integrity": "sha512-xUOiiFbc3Ow7p8KMxwsGICPx46ZQvy3+qfNVhrkwfz3Vvq45eGt98Ft5IQaA1R/7Tb5B5MKh9fUR9x3c3nDTxw=="
    }
  },
  "dependencies": {
    "bpmn-moddle": {
      "version": "7.0.5",
      "resolved": "https://registry.npmjs.org/bpmn-moddle/-/bpmn-moddle-7.0.5.tgz",
      "integrity": "sha512-3OaoEJCHQdZeRBTmBtDJebXamweW03cgA5ymOZitddMY28Vo1dOwAX/Yg2X375d2QCeC5w/j5gI8V8iVRn12fg==",
      "requires": {
        "min-dash": "^3.5.2",
        "moddle": "^5.0.2",
        "moddle-xml": "^9.0.5"
      }
    },
    "fs": {
      "version": "0.0.1-security",
      "resolved": "https://registry.npmjs.org/fs/-/fs-0.0.1-security.tgz",
      "integrity": "sha1-invTcYa23d84E/I4WLV+yq9eQdQ="
    },
    "linq": {
      "version": "3.2.3",
      "resolved": "https://registry.npmjs.org/linq/-/linq-3.2.3.tgz",
      "integrity": "sha512-OI48ncDVi29Hc4g5+hPd58AkI8YtLUFkZWWvvyC+w1+j8PsDi28tLZnbv3+8PvxSiJUEQDihkQjrIrPkFzEFqQ=="
    },
    "min-dash": {
      "version": "3.7.0",
      "resolved": "https://registry.npmjs.org/min-dash/-/min-dash-3.7.0.tgz",
      "integrity": "sha512-IlEbbItQU7tipoa4aAWocSuhR76jKqQG/N2+/Mh7d+BLZ3UmQl57ppKhziPY/TXBGps9+M8BC1c7AzqcYLp5BA=="
    },
    "moddle": {
      "version": "5.0.2",
      "resolved": "https://registry.npmjs.org/moddle/-/moddle-5.0.2.tgz",
      "integrity": "sha512-nBEyKt7sDw6MlM6e85lTCEXButw+p7hubEoRo/JyX+dBzDcGjDoktPuby9QE+ylW1ABZqNvRy8pK0h+23tIW2g==",
      "requires": {
        "min-dash": "^3.0.0"
      }
    },
    "moddle-xml": {
      "version": "9.0.5",
      "resolved": "https://registry.npmjs.org/moddle-xml/-/moddle-xml-9.0.5.tgz",
      "integrity": "sha512-1t9N35ZMQZTYZmRDoh1mBVd0XwLB34BkBywNJ0+YlLLYxaDBjFR/I+fqwsY746ayYPBz6yNRg8JpLyFgNF+eHg==",
      "requires": {
        "min-dash": "^3.5.2",
        "moddle": "^5.0.2",
        "saxen": "^8.1.2"
      }
    },
    "saxen": {
      "version": "8.1.2",
      "resolved": "https://registry.npmjs.org/saxen/-/saxen-8.1.2.tgz",
      "integrity": "sha512-xUOiiFbc3Ow7p8KMxwsGICPx46ZQvy3+qfNVhrkwfz3Vvq45eGt98Ft5IQaA1R/7Tb5B5MKh9fUR9x3c3nDTxw=="
    }
  }
}
